// !$*UTF8*$!
{
	archiveVersion = 1;
	classes = {
	};
	objectVersion = 56;
	objects = {

/* Begin PBXBuildFile section */
		FC31931E2CBEF347003BDC8E /* AppDelegate.swift in Sources */ = {isa = PBXBuildFile; fileRef = FC31931D2CBEF347003BDC8E /* AppDelegate.swift */; };
		FC3193202CBEF347003BDC8E /* SceneDelegate.swift in Sources */ = {isa = PBXBuildFile; fileRef = FC31931F2CBEF347003BDC8E /* SceneDelegate.swift */; };
		FC3193222CBEF347003BDC8E /* ViewController.swift in Sources */ = {isa = PBXBuildFile; fileRef = FC3193212CBEF347003BDC8E /* ViewController.swift */; };
		FC3193252CBEF347003BDC8E /* Main.storyboard in Resources */ = {isa = PBXBuildFile; fileRef = FC3193232CBEF347003BDC8E /* Main.storyboard */; };
		FC3193272CBEF353003BDC8E /* Assets.xcassets in Resources */ = {isa = PBXBuildFile; fileRef = FC3193262CBEF353003BDC8E /* Assets.xcassets */; };
		FC31932A2CBEF353003BDC8E /* LaunchScreen.storyboard in Resources */ = {isa = PBXBuildFile; fileRef = FC3193282CBEF353003BDC8E /* LaunchScreen.storyboard */; };
		FC3193422CBEF40F003BDC8E /* TimelineViewModel.swift in Sources */ = {isa = PBXBuildFile; fileRef = FC3193322CBEF40E003BDC8E /* TimelineViewModel.swift */; };
		FC3193432CBEF40F003BDC8E /* CardTableViewCell.swift in Sources */ = {isa = PBXBuildFile; fileRef = FC3193352CBEF40F003BDC8E /* CardTableViewCell.swift */; };
		FC3193442CBEF40F003BDC8E /* BenchmarkCollectionViewCell.swift in Sources */ = {isa = PBXBuildFile; fileRef = FC3193362CBEF40F003BDC8E /* BenchmarkCollectionViewCell.swift */; };
		FC3193452CBEF40F003BDC8E /* AssetCollectionViewCell.swift in Sources */ = {isa = PBXBuildFile; fileRef = FC3193372CBEF40F003BDC8E /* AssetCollectionViewCell.swift */; };
		FC3193462CBEF40F003BDC8E /* TimelineViewController.swift in Sources */ = {isa = PBXBuildFile; fileRef = FC3193382CBEF40F003BDC8E /* TimelineViewController.swift */; };
		FC3193472CBEF40F003BDC8E /* TimelineView.swift in Sources */ = {isa = PBXBuildFile; fileRef = FC3193392CBEF40F003BDC8E /* TimelineView.swift */; };
		FC3193482CBEF40F003BDC8E /* AssetsCollectionView.swift in Sources */ = {isa = PBXBuildFile; fileRef = FC31933A2CBEF40F003BDC8E /* AssetsCollectionView.swift */; };
		FC3193492CBEF40F003BDC8E /* BenchmarksCollectionView.swift in Sources */ = {isa = PBXBuildFile; fileRef = FC31933B2CBEF40F003BDC8E /* BenchmarksCollectionView.swift */; };
		FC31934A2CBEF40F003BDC8E /* Benchmark.swift in Sources */ = {isa = PBXBuildFile; fileRef = FC31933D2CBEF40F003BDC8E /* Benchmark.swift */; };
		FC31934B2CBEF40F003BDC8E /* Card.swift in Sources */ = {isa = PBXBuildFile; fileRef = FC31933E2CBEF40F003BDC8E /* Card.swift */; };
		FC31934C2CBEF40F003BDC8E /* Asset.swift in Sources */ = {isa = PBXBuildFile; fileRef = FC31933F2CBEF40F003BDC8E /* Asset.swift */; };
		FC31934D2CBEF40F003BDC8E /* LeftAlignedCollectionViewFlowLayout.swift in Sources */ = {isa = PBXBuildFile; fileRef = FC3193412CBEF40F003BDC8E /* LeftAlignedCollectionViewFlowLayout.swift */; };
		FC31934F2CBEF679003BDC8E /* PaddedLabelView.swift in Sources */ = {isa = PBXBuildFile; fileRef = FC31934E2CBEF679003BDC8E /* PaddedLabelView.swift */; };
/* End PBXBuildFile section */

/* Begin PBXFileReference section */
		FC31931A2CBEF347003BDC8E /* MyMarketContextTimeline.app */ = {isa = PBXFileReference; explicitFileType = wrapper.application; includeInIndex = 0; path = MyMarketContextTimeline.app; sourceTree = BUILT_PRODUCTS_DIR; };
		FC31931D2CBEF347003BDC8E /* AppDelegate.swift */ = {isa = PBXFileReference; lastKnownFileType = sourcecode.swift; path = AppDelegate.swift; sourceTree = "<group>"; };
		FC31931F2CBEF347003BDC8E /* SceneDelegate.swift */ = {isa = PBXFileReference; lastKnownFileType = sourcecode.swift; path = SceneDelegate.swift; sourceTree = "<group>"; };
		FC3193212CBEF347003BDC8E /* ViewController.swift */ = {isa = PBXFileReference; lastKnownFileType = sourcecode.swift; path = ViewController.swift; sourceTree = "<group>"; };
		FC3193242CBEF347003BDC8E /* Base */ = {isa = PBXFileReference; lastKnownFileType = file.storyboard; name = Base; path = Base.lproj/Main.storyboard; sourceTree = "<group>"; };
		FC3193262CBEF353003BDC8E /* Assets.xcassets */ = {isa = PBXFileReference; lastKnownFileType = folder.assetcatalog; path = Assets.xcassets; sourceTree = "<group>"; };
		FC3193292CBEF353003BDC8E /* Base */ = {isa = PBXFileReference; lastKnownFileType = file.storyboard; name = Base; path = Base.lproj/LaunchScreen.storyboard; sourceTree = "<group>"; };
		FC31932B2CBEF353003BDC8E /* Info.plist */ = {isa = PBXFileReference; lastKnownFileType = text.plist.xml; path = Info.plist; sourceTree = "<group>"; };
		FC3193322CBEF40E003BDC8E /* TimelineViewModel.swift */ = {isa = PBXFileReference; fileEncoding = 4; lastKnownFileType = sourcecode.swift; path = TimelineViewModel.swift; sourceTree = "<group>"; };
		FC3193352CBEF40F003BDC8E /* CardTableViewCell.swift */ = {isa = PBXFileReference; fileEncoding = 4; lastKnownFileType = sourcecode.swift; path = CardTableViewCell.swift; sourceTree = "<group>"; };
		FC3193362CBEF40F003BDC8E /* BenchmarkCollectionViewCell.swift */ = {isa = PBXFileReference; fileEncoding = 4; lastKnownFileType = sourcecode.swift; path = BenchmarkCollectionViewCell.swift; sourceTree = "<group>"; };
		FC3193372CBEF40F003BDC8E /* AssetCollectionViewCell.swift */ = {isa = PBXFileReference; fileEncoding = 4; lastKnownFileType = sourcecode.swift; path = AssetCollectionViewCell.swift; sourceTree = "<group>"; };
		FC3193382CBEF40F003BDC8E /* TimelineViewController.swift */ = {isa = PBXFileReference; fileEncoding = 4; lastKnownFileType = sourcecode.swift; path = TimelineViewController.swift; sourceTree = "<group>"; };
		FC3193392CBEF40F003BDC8E /* TimelineView.swift */ = {isa = PBXFileReference; fileEncoding = 4; lastKnownFileType = sourcecode.swift; path = TimelineView.swift; sourceTree = "<group>"; };
		FC31933A2CBEF40F003BDC8E /* AssetsCollectionView.swift */ = {isa = PBXFileReference; fileEncoding = 4; lastKnownFileType = sourcecode.swift; path = AssetsCollectionView.swift; sourceTree = "<group>"; };
		FC31933B2CBEF40F003BDC8E /* BenchmarksCollectionView.swift */ = {isa = PBXFileReference; fileEncoding = 4; lastKnownFileType = sourcecode.swift; path = BenchmarksCollectionView.swift; sourceTree = "<group>"; };
		FC31933D2CBEF40F003BDC8E /* Benchmark.swift */ = {isa = PBXFileReference; fileEncoding = 4; lastKnownFileType = sourcecode.swift; path = Benchmark.swift; sourceTree = "<group>"; };
		FC31933E2CBEF40F003BDC8E /* Card.swift */ = {isa = PBXFileReference; fileEncoding = 4; lastKnownFileType = sourcecode.swift; path = Card.swift; sourceTree = "<group>"; };
		FC31933F2CBEF40F003BDC8E /* Asset.swift */ = {isa = PBXFileReference; fileEncoding = 4; lastKnownFileType = sourcecode.swift; path = Asset.swift; sourceTree = "<group>"; };
		FC3193412CBEF40F003BDC8E /* LeftAlignedCollectionViewFlowLayout.swift */ = {isa = PBXFileReference; fileEncoding = 4; lastKnownFileType = sourcecode.swift; path = LeftAlignedCollectionViewFlowLayout.swift; sourceTree = "<group>"; };
		FC31934E2CBEF679003BDC8E /* PaddedLabelView.swift */ = {isa = PBXFileReference; lastKnownFileType = sourcecode.swift; path = PaddedLabelView.swift; sourceTree = "<group>"; };
/* End PBXFileReference section */

/* Begin PBXFrameworksBuildPhase section */
		FC3193172CBEF347003BDC8E /* Frameworks */ = {
			isa = PBXFrameworksBuildPhase;
			buildActionMask = 2147483647;
			files = (
			);
			runOnlyForDeploymentPostprocessing = 0;
		};
/* End PBXFrameworksBuildPhase section */

/* Begin PBXGroup section */
		FC3193112CBEF347003BDC8E = {
			isa = PBXGroup;
			children = (
				FC31931C2CBEF347003BDC8E /* MyMarketContextTimeline */,
				FC31931B2CBEF347003BDC8E /* Products */,
			);
			sourceTree = "<group>";
		};
		FC31931B2CBEF347003BDC8E /* Products */ = {
			isa = PBXGroup;
			children = (
				FC31931A2CBEF347003BDC8E /* MyMarketContextTimeline.app */,
			);
			name = Products;
			sourceTree = "<group>";
		};
		FC31931C2CBEF347003BDC8E /* MyMarketContextTimeline */ = {
			isa = PBXGroup;
			children = (
				FC31931D2CBEF347003BDC8E /* AppDelegate.swift */,
				FC31931F2CBEF347003BDC8E /* SceneDelegate.swift */,
				FC3193212CBEF347003BDC8E /* ViewController.swift */,
				FC3193232CBEF347003BDC8E /* Main.storyboard */,
				FC3193262CBEF353003BDC8E /* Assets.xcassets */,
				FC3193282CBEF353003BDC8E /* LaunchScreen.storyboard */,
				FC3193502CBEF684003BDC8E /* DonMag */,
				FC3193402CBEF40F003BDC8E /* Helpers */,
				FC31933C2CBEF40F003BDC8E /* Models */,
				FC3193312CBEF40E003BDC8E /* VIewModels */,
				FC3193332CBEF40E003BDC8E /* Views */,
				FC31932B2CBEF353003BDC8E /* Info.plist */,
			);
			path = MyMarketContextTimeline;
			sourceTree = "<group>";
		};
		FC3193312CBEF40E003BDC8E /* VIewModels */ = {
			isa = PBXGroup;
			children = (
				FC3193322CBEF40E003BDC8E /* TimelineViewModel.swift */,
			);
			path = VIewModels;
			sourceTree = "<group>";
		};
		FC3193332CBEF40E003BDC8E /* Views */ = {
			isa = PBXGroup;
			children = (
				FC3193342CBEF40F003BDC8E /* Cells */,
				FC3193382CBEF40F003BDC8E /* TimelineViewController.swift */,
				FC3193392CBEF40F003BDC8E /* TimelineView.swift */,
				FC31933A2CBEF40F003BDC8E /* AssetsCollectionView.swift */,
				FC31933B2CBEF40F003BDC8E /* BenchmarksCollectionView.swift */,
			);
			path = Views;
			sourceTree = "<group>";
		};
		FC3193342CBEF40F003BDC8E /* Cells */ = {
			isa = PBXGroup;
			children = (
				FC3193352CBEF40F003BDC8E /* CardTableViewCell.swift */,
				FC3193362CBEF40F003BDC8E /* BenchmarkCollectionViewCell.swift */,
				FC3193372CBEF40F003BDC8E /* AssetCollectionViewCell.swift */,
			);
			path = Cells;
			sourceTree = "<group>";
		};
		FC31933C2CBEF40F003BDC8E /* Models */ = {
			isa = PBXGroup;
			children = (
				FC31933D2CBEF40F003BDC8E /* Benchmark.swift */,
				FC31933E2CBEF40F003BDC8E /* Card.swift */,
				FC31933F2CBEF40F003BDC8E /* Asset.swift */,
			);
			path = Models;
			sourceTree = "<group>";
		};
		FC3193402CBEF40F003BDC8E /* Helpers */ = {
			isa = PBXGroup;
			children = (
				FC3193412CBEF40F003BDC8E /* LeftAlignedCollectionViewFlowLayout.swift */,
			);
			path = Helpers;
			sourceTree = "<group>";
		};
		FC3193502CBEF684003BDC8E /* DonMag */ = {
			isa = PBXGroup;
			children = (
				FC31934E2CBEF679003BDC8E /* PaddedLabelView.swift */,
			);
			path = DonMag;
			sourceTree = "<group>";
		};
/* End PBXGroup section */

/* Begin PBXNativeTarget section */
		FC3193192CBEF347003BDC8E /* MyMarketContextTimeline */ = {
			isa = PBXNativeTarget;
			buildConfigurationList = FC31932E2CBEF353003BDC8E /* Build configuration list for PBXNativeTarget "MyMarketContextTimeline" */;
			buildPhases = (
				FC3193162CBEF347003BDC8E /* Sources */,
				FC3193172CBEF347003BDC8E /* Frameworks */,
				FC3193182CBEF347003BDC8E /* Resources */,
			);
			buildRules = (
			);
			dependencies = (
			);
			name = MyMarketContextTimeline;
			productName = MyMarketContextTimeline;
			productReference = FC31931A2CBEF347003BDC8E /* MyMarketContextTimeline.app */;
			productType = "com.apple.product-type.application";
		};
/* End PBXNativeTarget section */

/* Begin PBXProject section */
		FC3193122CBEF347003BDC8E /* Project object */ = {
			isa = PBXProject;
			attributes = {
				BuildIndependentTargetsInParallel = 1;
				LastSwiftUpdateCheck = 1500;
				LastUpgradeCheck = 1500;
				TargetAttributes = {
					FC3193192CBEF347003BDC8E = {
						CreatedOnToolsVersion = 15.0;
					};
				};
			};
			buildConfigurationList = FC3193152CBEF347003BDC8E /* Build configuration list for PBXProject "MyMarketContextTimeline" */;
			compatibilityVersion = "Xcode 14.0";
			developmentRegion = en;
			hasScannedForEncodings = 0;
			knownRegions = (
				en,
				Base,
			);
			mainGroup = FC3193112CBEF347003BDC8E;
			productRefGroup = FC31931B2CBEF347003BDC8E /* Products */;
			projectDirPath = "";
			projectRoot = "";
			targets = (
				FC3193192CBEF347003BDC8E /* MyMarketContextTimeline */,
			);
		};
/* End PBXProject section */

/* Begin PBXResourcesBuildPhase section */
		FC3193182CBEF347003BDC8E /* Resources */ = {
			isa = PBXResourcesBuildPhase;
			buildActionMask = 2147483647;
			files = (
				FC31932A2CBEF353003BDC8E /* LaunchScreen.storyboard in Resources */,
				FC3193272CBEF353003BDC8E /* Assets.xcassets in Resources */,
				FC3193252CBEF347003BDC8E /* Main.storyboard in Resources */,
			);
			runOnlyForDeploymentPostprocessing = 0;
		};
/* End PBXResourcesBuildPhase section */

/* Begin PBXSourcesBuildPhase section */
		FC3193162CBEF347003BDC8E /* Sources */ = {
			isa = PBXSourcesBuildPhase;
			buildActionMask = 2147483647;
			files = (
				FC3193432CBEF40F003BDC8E /* CardTableViewCell.swift in Sources */,
				FC31934A2CBEF40F003BDC8E /* Benchmark.swift in Sources */,
				FC3193222CBEF347003BDC8E /* ViewController.swift in Sources */,
				FC3193422CBEF40F003BDC8E /* TimelineViewModel.swift in Sources */,
				FC31934B2CBEF40F003BDC8E /* Card.swift in Sources */,
				FC31931E2CBEF347003BDC8E /* AppDelegate.swift in Sources */,
				FC3193452CBEF40F003BDC8E /* AssetCollectionViewCell.swift in Sources */,
				FC3193492CBEF40F003BDC8E /* BenchmarksCollectionView.swift in Sources */,
				FC31934D2CBEF40F003BDC8E /* LeftAlignedCollectionViewFlowLayout.swift in Sources */,
				FC31934C2CBEF40F003BDC8E /* Asset.swift in Sources */,
				FC3193482CBEF40F003BDC8E /* AssetsCollectionView.swift in Sources */,
				FC3193462CBEF40F003BDC8E /* TimelineViewController.swift in Sources */,
				FC3193442CBEF40F003BDC8E /* BenchmarkCollectionViewCell.swift in Sources */,
				FC31934F2CBEF679003BDC8E /* PaddedLabelView.swift in Sources */,
				FC3193472CBEF40F003BDC8E /* TimelineView.swift in Sources */,
				FC3193202CBEF347003BDC8E /* SceneDelegate.swift in Sources */,
			);
			runOnlyForDeploymentPostprocessing = 0;
		};
/* End PBXSourcesBuildPhase section */

/* Begin PBXVariantGroup section */
		FC3193232CBEF347003BDC8E /* Main.storyboard */ = {
			isa = PBXVariantGroup;
			children = (
				FC3193242CBEF347003BDC8E /* Base */,
			);
			name = Main.storyboard;
			sourceTree = "<group>";
		};
		FC3193282CBEF353003BDC8E /* LaunchScreen.storyboard */ = {
			isa = PBXVariantGroup;
			children = (
				FC3193292CBEF353003BDC8E /* Base */,
			);
			name = LaunchScreen.storyboard;
			sourceTree = "<group>";
		};
/* End PBXVariantGroup section */

/* Begin XCBuildConfiguration section */
		FC31932C2CBEF353003BDC8E /* Debug */ = {
			isa = XCBuildConfiguration;
			buildSettings = {
				ALWAYS_SEARCH_USER_PATHS = NO;
				ASSETCATALOG_COMPILER_GENERATE_SWIFT_ASSET_SYMBOL_EXTENSIONS = YES;
				CLANG_ANALYZER_NONNULL = YES;
				CLANG_ANALYZER_NUMBER_OBJECT_CONVERSION = YES_AGGRESSIVE;
				CLANG_CXX_LANGUAGE_STANDARD = "gnu++20";
				CLANG_ENABLE_MODULES = YES;
				CLANG_ENABLE_OBJC_ARC = YES;
				CLANG_ENABLE_OBJC_WEAK = YES;
				CLANG_WARN_BLOCK_CAPTURE_AUTORELEASING = YES;
				CLANG_WARN_BOOL_CONVERSION = YES;
				CLANG_WARN_COMMA = YES;
				CLANG_WARN_CONSTANT_CONVERSION = YES;
				CLANG_WARN_DEPRECATED_OBJC_IMPLEMENTATIONS = YES;
				CLANG_WARN_DIRECT_OBJC_ISA_USAGE = YES_ERROR;
				CLANG_WARN_DOCUMENTATION_COMMENTS = YES;
				CLANG_WARN_EMPTY_BODY = YES;
				CLANG_WARN_ENUM_CONVERSION = YES;
				CLANG_WARN_INFINITE_RECURSION = YES;
				CLANG_WARN_INT_CONVERSION = YES;
				CLANG_WARN_NON_LITERAL_NULL_CONVERSION = YES;
				CLANG_WARN_OBJC_IMPLICIT_RETAIN_SELF = YES;
				CLANG_WARN_OBJC_LITERAL_CONVERSION = YES;
				CLANG_WARN_OBJC_ROOT_CLASS = YES_ERROR;
				CLANG_WARN_QUOTED_INCLUDE_IN_FRAMEWORK_HEADER = YES;
				CLANG_WARN_RANGE_LOOP_ANALYSIS = YES;
				CLANG_WARN_STRICT_PROTOTYPES = YES;
				CLANG_WARN_SUSPICIOUS_MOVE = YES;
				CLANG_WARN_UNGUARDED_AVAILABILITY = YES_AGGRESSIVE;
				CLANG_WARN_UNREACHABLE_CODE = YES;
				CLANG_WARN__DUPLICATE_METHOD_MATCH = YES;
				COPY_PHASE_STRIP = NO;
				DEBUG_INFORMATION_FORMAT = dwarf;
				ENABLE_STRICT_OBJC_MSGSEND = YES;
				ENABLE_TESTABILITY = YES;
				ENABLE_USER_SCRIPT_SANDBOXING = YES;
				GCC_C_LANGUAGE_STANDARD = gnu17;
				GCC_DYNAMIC_NO_PIC = NO;
				GCC_NO_COMMON_BLOCKS = YES;
				GCC_OPTIMIZATION_LEVEL = 0;
				GCC_PREPROCESSOR_DEFINITIONS = (
					"DEBUG=1",
					"$(inherited)",
				);
				GCC_WARN_64_TO_32_BIT_CONVERSION = YES;
				GCC_WARN_ABOUT_RETURN_TYPE = YES_ERROR;
				GCC_WARN_UNDECLARED_SELECTOR = YES;
				GCC_WARN_UNINITIALIZED_AUTOS = YES_AGGRESSIVE;
				GCC_WARN_UNUSED_FUNCTION = YES;
				GCC_WARN_UNUSED_VARIABLE = YES;
				IPHONEOS_DEPLOYMENT_TARGET = 17.0;
				LOCALIZATION_PREFERS_STRING_CATALOGS = YES;
				MTL_ENABLE_DEBUG_INFO = INCLUDE_SOURCE;
				MTL_FAST_MATH = YES;
				ONLY_ACTIVE_ARCH = YES;
				SDKROOT = iphoneos;
				SWIFT_ACTIVE_COMPILATION_CONDITIONS = "DEBUG $(inherited)";
				SWIFT_OPTIMIZATION_LEVEL = "-Onone";
			};
			name = Debug;
		};
		FC31932D2CBEF353003BDC8E /* Release */ = {
			isa = XCBuildConfiguration;
			buildSettings = {
				ALWAYS_SEARCH_USER_PATHS = NO;
				ASSETCATALOG_COMPILER_GENERATE_SWIFT_ASSET_SYMBOL_EXTENSIONS = YES;
				CLANG_ANALYZER_NONNULL = YES;
				CLANG_ANALYZER_NUMBER_OBJECT_CONVERSION = YES_AGGRESSIVE;
				CLANG_CXX_LANGUAGE_STANDARD = "gnu++20";
				CLANG_ENABLE_MODULES = YES;
				CLANG_ENABLE_OBJC_ARC = YES;
				CLANG_ENABLE_OBJC_WEAK = YES;
				CLANG_WARN_BLOCK_CAPTURE_AUTORELEASING = YES;
				CLANG_WARN_BOOL_CONVERSION = YES;
				CLANG_WARN_COMMA = YES;
				CLANG_WARN_CONSTANT_CONVERSION = YES;
				CLANG_WARN_DEPRECATED_OBJC_IMPLEMENTATIONS = YES;
				CLANG_WARN_DIRECT_OBJC_ISA_USAGE = YES_ERROR;
				CLANG_WARN_DOCUMENTATION_COMMENTS = YES;
				CLANG_WARN_EMPTY_BODY = YES;
				CLANG_WARN_ENUM_CONVERSION = YES;
				CLANG_WARN_INFINITE_RECURSION = YES;
				CLANG_WARN_INT_CONVERSION = YES;
				CLANG_WARN_NON_LITERAL_NULL_CONVERSION = YES;
				CLANG_WARN_OBJC_IMPLICIT_RETAIN_SELF = YES;
				CLANG_WARN_OBJC_LITERAL_CONVERSION = YES;
				CLANG_WARN_OBJC_ROOT_CLASS = YES_ERROR;
				CLANG_WARN_QUOTED_INCLUDE_IN_FRAMEWORK_HEADER = YES;
				CLANG_WARN_RANGE_LOOP_ANALYSIS = YES;
				CLANG_WARN_STRICT_PROTOTYPES = YES;
				CLANG_WARN_SUSPICIOUS_MOVE = YES;
				CLANG_WARN_UNGUARDED_AVAILABILITY = YES_AGGRESSIVE;
				CLANG_WARN_UNREACHABLE_CODE = YES;
				CLANG_WARN__DUPLICATE_METHOD_MATCH = YES;
				COPY_PHASE_STRIP = NO;
				DEBUG_INFORMATION_FORMAT = "dwarf-with-dsym";
				ENABLE_NS_ASSERTIONS = NO;
				ENABLE_STRICT_OBJC_MSGSEND = YES;
				ENABLE_USER_SCRIPT_SANDBOXING = YES;
				GCC_C_LANGUAGE_STANDARD = gnu17;
				GCC_NO_COMMON_BLOCKS = YES;
				GCC_WARN_64_TO_32_BIT_CONVERSION = YES;
				GCC_WARN_ABOUT_RETURN_TYPE = YES_ERROR;
				GCC_WARN_UNDECLARED_SELECTOR = YES;
				GCC_WARN_UNINITIALIZED_AUTOS = YES_AGGRESSIVE;
				GCC_WARN_UNUSED_FUNCTION = YES;
				GCC_WARN_UNUSED_VARIABLE = YES;
				IPHONEOS_DEPLOYMENT_TARGET = 17.0;
				LOCALIZATION_PREFERS_STRING_CATALOGS = YES;
				MTL_ENABLE_DEBUG_INFO = NO;
				MTL_FAST_MATH = YES;
				SDKROOT = iphoneos;
				SWIFT_COMPILATION_MODE = wholemodule;
				VALIDATE_PRODUCT = YES;
			};
			name = Release;
		};
		FC31932F2CBEF353003BDC8E /* Debug */ = {
			isa = XCBuildConfiguration;
			buildSettings = {
				ASSETCATALOG_COMPILER_APPICON_NAME = AppIcon;
				ASSETCATALOG_COMPILER_GLOBAL_ACCENT_COLOR_NAME = AccentColor;
				CODE_SIGN_STYLE = Automatic;
				CURRENT_PROJECT_VERSION = 1;
				GENERATE_INFOPLIST_FILE = YES;
				INFOPLIST_FILE = MyMarketContextTimeline/Info.plist;
				INFOPLIST_KEY_UIApplicationSupportsIndirectInputEvents = YES;
				INFOPLIST_KEY_UILaunchStoryboardName = LaunchScreen;
				INFOPLIST_KEY_UIMainStoryboardFile = Main;
				INFOPLIST_KEY_UISupportedInterfaceOrientations_iPad = "UIInterfaceOrientationPortrait UIInterfaceOrientationPortraitUpsideDown UIInterfaceOrientationLandscapeLeft UIInterfaceOrientationLandscapeRight";
				INFOPLIST_KEY_UISupportedInterfaceOrientations_iPhone = "UIInterfaceOrientationPortrait UIInterfaceOrientationLandscapeLeft UIInterfaceOrientationLandscapeRight";
				LD_RUNPATH_SEARCH_PATHS = (
					"$(inherited)",
					"@executable_path/Frameworks",
				);
				MARKETING_VERSION = 1.0;
				PRODUCT_BUNDLE_IDENTIFIER = com.DonMag.MyMarketContextTimeline;
				PRODUCT_NAME = "$(TARGET_NAME)";
				SWIFT_EMIT_LOC_STRINGS = YES;
				SWIFT_VERSION = 5.0;
				TARGETED_DEVICE_FAMILY = "1,2";
			};
			name = Debug;
		};
		FC3193302CBEF353003BDC8E /* Release */ = {
			isa = XCBuildConfiguration;
			buildSettings = {
				ASSETCATALOG_COMPILER_APPICON_NAME = AppIcon;
				ASSETCATALOG_COMPILER_GLOBAL_ACCENT_COLOR_NAME = AccentColor;
				CODE_SIGN_STYLE = Automatic;
				CURRENT_PROJECT_VERSION = 1;
				GENERATE_INFOPLIST_FILE = YES;
				INFOPLIST_FILE = MyMarketContextTimeline/Info.plist;
				INFOPLIST_KEY_UIApplicationSupportsIndirectInputEvents = YES;
				INFOPLIST_KEY_UILaunchStoryboardName = LaunchScreen;
				INFOPLIST_KEY_UIMainStoryboardFile = Main;
				INFOPLIST_KEY_UISupportedInterfaceOrientations_iPad = "UIInterfaceOrientationPortrait UIInterfaceOrientationPortraitUpsideDown UIInterfaceOrientationLandscapeLeft UIInterfaceOrientationLandscapeRight";
				INFOPLIST_KEY_UISupportedInterfaceOrientations_iPhone = "UIInterfaceOrientationPortrait UIInterfaceOrientationLandscapeLeft UIInterfaceOrientationLandscapeRight";
				LD_RUNPATH_SEARCH_PATHS = (
					"$(inherited)",
					"@executable_path/Frameworks",
				);
				MARKETING_VERSION = 1.0;
				PRODUCT_BUNDLE_IDENTIFIER = com.DonMag.MyMarketContextTimeline;
				PRODUCT_NAME = "$(TARGET_NAME)";
				SWIFT_EMIT_LOC_STRINGS = YES;
				SWIFT_VERSION = 5.0;
				TARGETED_DEVICE_FAMILY = "1,2";
			};
			name = Release;
		};
/* End XCBuildConfiguration section */

/* Begin XCConfigurationList section */
		FC3193152CBEF347003BDC8E /* Build configuration list for PBXProject "MyMarketContextTimeline" */ = {
			isa = XCConfigurationList;
			buildConfigurations = (
				FC31932C2CBEF353003BDC8E /* Debug */,
				FC31932D2CBEF353003BDC8E /* Release */,
			);
			defaultConfigurationIsVisible = 0;
			defaultConfigurationName = Release;
		};
		FC31932E2CBEF353003BDC8E /* Build configuration list for PBXNativeTarget "MyMarketContextTimeline" */ = {
			isa = XCConfigurationList;
			buildConfigurations = (
				FC31932F2CBEF353003BDC8E /* Debug */,
				FC3193302CBEF353003BDC8E /* Release */,
			);
			defaultConfigurationIsVisible = 0;
			defaultConfigurationName = Release;
		};
/* End XCConfigurationList section */
	};
	rootObject = FC3193122CBEF347003BDC8E /* Project object */;
}
